dependencies:
- name: postgresql
  repository: https://charts.bitnami.com/bitnami
  version: 12.12.10
- name: redis
  repository: https://charts.bitnami.com/bitnami
  version: 17.15.2
- name: kafka
  repository: https://charts.bitnami.com/bitnami
  version: 22.1.5
digest: sha256:d2d8dcde7a74a79bb69872fa832c3a0c5662b60f69cfb56004105a8129d9c16c
generated: "2026-02-09T17:58:00.346440412+05:00"
